
Microsoft Visual Studio Solution File, Format Version 12.00
# Visual Studio Version 17
VisualStudioVersion = 17.7.34202.233
MinimumVisualStudioVersion = 10.0.40219.1
Project("{FAE04EC0-301F-11D3-BF4B-00C04F79EFBC}") = "ServerAPI", "ServerAPI\ServerAPI.csproj", "{BD0C41DB-3EF2-4D35-85D1-714396C9DC25}"
EndProject
Project("{FAE04EC0-301F-11D3-BF4B-00C04F79EFBC}") = "BusinessLogicLayer", "BusinessLogicLayer\BusinessLogicLayer.csproj", "{03A6629E-04EF-4852-9F24-9CE945ED1C26}"
EndProject
Project("{FAE04EC0-301F-11D3-BF4B-00C04F79EFBC}") = "DataAccessLayer", "DataAccessLayer\DataAccessLayer.csproj", "{BE7D4144-AC80-48A3-BB86-2144D02279C8}"
EndProject
Global
	GlobalSection(SolutionConfigurationPlatforms) = preSolution
		Debug|Any CPU = Debug|Any CPU
		Release|Any CPU = Release|Any CPU
	EndGlobalSection
	GlobalSection(ProjectConfigurationPlatforms) = postSolution
		{BD0C41DB-3EF2-4D35-85D1-714396C9DC25}.Debug|Any CPU.ActiveCfg = Debug|Any CPU
		{BD0C41DB-3EF2-4D35-85D1-714396C9DC25}.Debug|Any CPU.Build.0 = Debug|Any CPU
		{BD0C41DB-3EF2-4D35-85D1-714396C9DC25}.Release|Any CPU.ActiveCfg = Release|Any CPU
		{BD0C41DB-3EF2-4D35-85D1-714396C9DC25}.Release|Any CPU.Build.0 = Release|Any CPU
		{03A6629E-04EF-4852-9F24-9CE945ED1C26}.Debug|Any CPU.ActiveCfg = Debug|Any CPU
		{03A6629E-04EF-4852-9F24-9CE945ED1C26}.Debug|Any CPU.Build.0 = Debug|Any CPU
		{03A6629E-04EF-4852-9F24-9CE945ED1C26}.Release|Any CPU.ActiveCfg = Release|Any CPU
		{03A6629E-04EF-4852-9F24-9CE945ED1C26}.Release|Any CPU.Build.0 = Release|Any CPU
		{BE7D4144-AC80-48A3-BB86-2144D02279C8}.Debug|Any CPU.ActiveCfg = Debug|Any CPU
		{BE7D4144-AC80-48A3-BB86-2144D02279C8}.Debug|Any CPU.Build.0 = Debug|Any CPU
		{BE7D4144-AC80-48A3-BB86-2144D02279C8}.Release|Any CPU.ActiveCfg = Release|Any CPU
		{BE7D4144-AC80-48A3-BB86-2144D02279C8}.Release|Any CPU.Build.0 = Release|Any CPU
	EndGlobalSection
	GlobalSection(SolutionProperties) = preSolution
		HideSolutionNode = FALSE
	EndGlobalSection
	GlobalSection(ExtensibilityGlobals) = postSolution
		SolutionGuid = {ADC79385-2510-472C-A412-0B7CFEC88637}
	EndGlobalSection
EndGlobal
